
Microsoft Visual Studio Solution File, Format Version 12.00
# Visual Studio Version 17
VisualStudioVersion = 17.0.32014.148
MinimumVisualStudioVersion = 10.0.40219.1
Project("{FAE04EC0-301F-11D3-BF4B-00C04F79EFBC}") = "MyNextProject", "MyNextProject\MyNextProject.csproj", "{FD8CF9E8-7858-4223-9F00-D84525F18836}"
EndProject
Global
	GlobalSection(SolutionConfigurationPlatforms) = preSolution
		Debug|Any CPU = Debug|Any CPU
		Release|Any CPU = Release|Any CPU
	EndGlobalSection
	GlobalSection(ProjectConfigurationPlatforms) = postSolution
		{FD8CF9E8-7858-4223-9F00-D84525F18836}.Debug|Any CPU.ActiveCfg = Debug|Any CPU
		{FD8CF9E8-7858-4223-9F00-D84525F18836}.Debug|Any CPU.Build.0 = Debug|Any CPU
		{FD8CF9E8-7858-4223-9F00-D84525F18836}.Release|Any CPU.ActiveCfg = Release|Any CPU
		{FD8CF9E8-7858-4223-9F00-D84525F18836}.Release|Any CPU.Build.0 = Release|Any CPU
	EndGlobalSection
	GlobalSection(SolutionProperties) = preSolution
		HideSolutionNode = FALSE
	EndGlobalSection
	GlobalSection(ExtensibilityGlobals) = postSolution
		SolutionGuid = {6D641B02-DE61-4B2E-8C4C-39D269432610}
	EndGlobalSection
EndGlobal
